# This file is automatically @generated by Cargo.
# It is not intended for manual editing.
[[package]]
name = "crate2nix-test"
version = "0.1.0"
dependencies = [
 "new_debug_unreachable 1.0.3 (registry+https://github.com/rust-lang/crates.io-index)",
]

[[package]]
name = "new_debug_unreachable"
version = "1.0.3"
source = "registry+https://github.com/rust-lang/crates.io-index"

[metadata]
"checksum new_debug_unreachable 1.0.3 (registry+https://github.com/rust-lang/crates.io-index)" = "f40f005c60db6e03bae699e414c58bf9aa7ea02a2d0b9bfbcf19286cc4c82b30"
